
Microsoft Visual Studio Solution File, Format Version 12.00
# Visual Studio Version 17
VisualStudioVersion = 17.3.32819.101
MinimumVisualStudioVersion = 10.0.40219.1
Project("{FAE04EC0-301F-11D3-BF4B-00C04F79EFBC}") = "RazorPagesDemoApp", "RazorPagesDemoApp\RazorPagesDemoApp.csproj", "{0CB00158-17E6-40C2-B413-0D8F0DFE8389}"
EndProject
Global
	GlobalSection(SolutionConfigurationPlatforms) = preSolution
		Debug|Any CPU = Debug|Any CPU
		Release|Any CPU = Release|Any CPU
	EndGlobalSection
	GlobalSection(ProjectConfigurationPlatforms) = postSolution
		{0CB00158-17E6-40C2-B413-0D8F0DFE8389}.Debug|Any CPU.ActiveCfg = Debug|Any CPU
		{0CB00158-17E6-40C2-B413-0D8F0DFE8389}.Debug|Any CPU.Build.0 = Debug|Any CPU
		{0CB00158-17E6-40C2-B413-0D8F0DFE8389}.Release|Any CPU.ActiveCfg = Release|Any CPU
		{0CB00158-17E6-40C2-B413-0D8F0DFE8389}.Release|Any CPU.Build.0 = Release|Any CPU
	EndGlobalSection
	GlobalSection(SolutionProperties) = preSolution
		HideSolutionNode = FALSE
	EndGlobalSection
	GlobalSection(ExtensibilityGlobals) = postSolution
		SolutionGuid = {BC7C5E8D-AB35-4329-BD48-65C4CCB23F0C}
	EndGlobalSection
EndGlobal
